// !$*UTF8*$!
{
	archiveVersion = 1;
	classes = {
	};
	objectVersion = 56;
	objects = {

/* Begin PBXBuildFile section */
		1A0000010000000000000001 /* Where2GoApp.swift in Sources */ = {isa = PBXBuildFile; fileRef = 1A0000010000000000000101 /* Where2GoApp.swift */; };
		1A0000010000000000000002 /* RootTabView.swift in Sources */ = {isa = PBXBuildFile; fileRef = 1A0000010000000000000102 /* RootTabView.swift */; };
		1A0000010000000000000003 /* TripItem.swift in Sources */ = {isa = PBXBuildFile; fileRef = 1A0000010000000000000103 /* TripItem.swift */; };
		1A0000010000000000000004 /* TripCategory.swift in Sources */ = {isa = PBXBuildFile; fileRef = 1A0000010000000000000104 /* TripCategory.swift */; };
		1A0000010000000000000005 /* ReminderOption.swift in Sources */ = {isa = PBXBuildFile; fileRef = 1A0000010000000000000105 /* ReminderOption.swift */; };
		1A0000010000000000000006 /* DesignTokens.swift in Sources */ = {isa = PBXBuildFile; fileRef = 1A0000010000000000000106 /* DesignTokens.swift */; };
		1A0000010000000000000007 /* TripQueryService.swift in Sources */ = {isa = PBXBuildFile; fileRef = 1A0000010000000000000107 /* TripQueryService.swift */; };
		1A0000010000000000000008 /* NotificationService.swift in Sources */ = {isa = PBXBuildFile; fileRef = 1A0000010000000000000108 /* NotificationService.swift */; };
		1A0000010000000000000009 /* TripRowView.swift in Sources */ = {isa = PBXBuildFile; fileRef = 1A0000010000000000000109 /* TripRowView.swift */; };
		1A0000010000000000000010 /* EmptyStateView.swift in Sources */ = {isa = PBXBuildFile; fileRef = 1A0000010000000000000110 /* EmptyStateView.swift */; };
		1A0000010000000000000011 /* NextTripView.swift in Sources */ = {isa = PBXBuildFile; fileRef = 1A0000010000000000000111 /* NextTripView.swift */; };
		1A0000010000000000000012 /* MonthCalendarView.swift in Sources */ = {isa = PBXBuildFile; fileRef = 1A0000010000000000000112 /* MonthCalendarView.swift */; };
		1A0000010000000000000013 /* TimelineView.swift in Sources */ = {isa = PBXBuildFile; fileRef = 1A0000010000000000000113 /* TimelineView.swift */; };
		1A0000010000000000000014 /* SettingsView.swift in Sources */ = {isa = PBXBuildFile; fileRef = 1A0000010000000000000114 /* SettingsView.swift */; };
		1A0000010000000000000015 /* TripFormView.swift in Sources */ = {isa = PBXBuildFile; fileRef = 1A0000010000000000000115 /* TripFormView.swift */; };
		1A0000010000000000000016 /* Assets.xcassets in Resources */ = {isa = PBXBuildFile; fileRef = 1A0000010000000000000116 /* Assets.xcassets */; };
		1A0000010000000000000017 /* TripQueryServiceTests.swift in Sources */ = {isa = PBXBuildFile; fileRef = 1A0000010000000000000117 /* TripQueryServiceTests.swift */; };
		1A0000010000000000000018 /* TripDetailView.swift in Sources */ = {isa = PBXBuildFile; fileRef = 1A0000010000000000000118 /* TripDetailView.swift */; };
		1A0000010000000000000019 /* TripExportService.swift in Sources */ = {isa = PBXBuildFile; fileRef = 1A0000010000000000000119 /* TripExportService.swift */; };
/* End PBXBuildFile section */

/* Begin PBXContainerItemProxy section */
		1A0000010000000000000201 /* PBXContainerItemProxy */ = {
			isa = PBXContainerItemProxy;
			containerPortal = 1A0000010000000000000301 /* Project object */;
			proxyType = 1;
			remoteGlobalIDString = 1A0000010000000000000302;
			remoteInfo = Where2Go;
		};
/* End PBXContainerItemProxy section */

/* Begin PBXFileReference section */
		1A0000010000000000000101 /* Where2GoApp.swift */ = {isa = PBXFileReference; lastKnownFileType = sourcecode.swift; path = Where2GoApp.swift; sourceTree = "<group>"; };
		1A0000010000000000000102 /* RootTabView.swift */ = {isa = PBXFileReference; lastKnownFileType = sourcecode.swift; path = RootTabView.swift; sourceTree = "<group>"; };
		1A0000010000000000000103 /* TripItem.swift */ = {isa = PBXFileReference; lastKnownFileType = sourcecode.swift; path = TripItem.swift; sourceTree = "<group>"; };
		1A0000010000000000000104 /* TripCategory.swift */ = {isa = PBXFileReference; lastKnownFileType = sourcecode.swift; path = TripCategory.swift; sourceTree = "<group>"; };
		1A0000010000000000000105 /* ReminderOption.swift */ = {isa = PBXFileReference; lastKnownFileType = sourcecode.swift; path = ReminderOption.swift; sourceTree = "<group>"; };
		1A0000010000000000000106 /* DesignTokens.swift */ = {isa = PBXFileReference; lastKnownFileType = sourcecode.swift; path = DesignTokens.swift; sourceTree = "<group>"; };
		1A0000010000000000000107 /* TripQueryService.swift */ = {isa = PBXFileReference; lastKnownFileType = sourcecode.swift; path = TripQueryService.swift; sourceTree = "<group>"; };
		1A0000010000000000000108 /* NotificationService.swift */ = {isa = PBXFileReference; lastKnownFileType = sourcecode.swift; path = NotificationService.swift; sourceTree = "<group>"; };
		1A0000010000000000000109 /* TripRowView.swift */ = {isa = PBXFileReference; lastKnownFileType = sourcecode.swift; path = TripRowView.swift; sourceTree = "<group>"; };
		1A0000010000000000000110 /* EmptyStateView.swift */ = {isa = PBXFileReference; lastKnownFileType = sourcecode.swift; path = EmptyStateView.swift; sourceTree = "<group>"; };
		1A0000010000000000000111 /* NextTripView.swift */ = {isa = PBXFileReference; lastKnownFileType = sourcecode.swift; path = NextTripView.swift; sourceTree = "<group>"; };
		1A0000010000000000000112 /* MonthCalendarView.swift */ = {isa = PBXFileReference; lastKnownFileType = sourcecode.swift; path = MonthCalendarView.swift; sourceTree = "<group>"; };
		1A0000010000000000000113 /* TimelineView.swift */ = {isa = PBXFileReference; lastKnownFileType = sourcecode.swift; path = TimelineView.swift; sourceTree = "<group>"; };
		1A0000010000000000000114 /* SettingsView.swift */ = {isa = PBXFileReference; lastKnownFileType = sourcecode.swift; path = SettingsView.swift; sourceTree = "<group>"; };
		1A0000010000000000000115 /* TripFormView.swift */ = {isa = PBXFileReference; lastKnownFileType = sourcecode.swift; path = TripFormView.swift; sourceTree = "<group>"; };
		1A0000010000000000000116 /* Assets.xcassets */ = {isa = PBXFileReference; lastKnownFileType = folder.assetcatalog; path = Assets.xcassets; sourceTree = "<group>"; };
		1A0000010000000000000117 /* TripQueryServiceTests.swift */ = {isa = PBXFileReference; lastKnownFileType = sourcecode.swift; path = TripQueryServiceTests.swift; sourceTree = "<group>"; };
		1A0000010000000000000118 /* TripDetailView.swift */ = {isa = PBXFileReference; lastKnownFileType = sourcecode.swift; path = TripDetailView.swift; sourceTree = "<group>"; };
		1A0000010000000000000119 /* TripExportService.swift */ = {isa = PBXFileReference; lastKnownFileType = sourcecode.swift; path = TripExportService.swift; sourceTree = "<group>"; };
		1A0000010000000000000401 /* Where2Go.app */ = {isa = PBXFileReference; explicitFileType = wrapper.application; includeInIndex = 0; path = Where2Go.app; sourceTree = BUILT_PRODUCTS_DIR; };
		1A0000010000000000000402 /* Where2GoTests.xctest */ = {isa = PBXFileReference; explicitFileType = wrapper.cfbundle; includeInIndex = 0; path = Where2GoTests.xctest; sourceTree = BUILT_PRODUCTS_DIR; };
/* End PBXFileReference section */

/* Begin PBXFrameworksBuildPhase section */
		1A0000010000000000000501 /* Frameworks */ = {
			isa = PBXFrameworksBuildPhase;
			buildActionMask = 2147483647;
			files = (
			);
			runOnlyForDeploymentPostprocessing = 0;
		};
		1A0000010000000000000502 /* Frameworks */ = {
			isa = PBXFrameworksBuildPhase;
			buildActionMask = 2147483647;
			files = (
			);
			runOnlyForDeploymentPostprocessing = 0;
		};
/* End PBXFrameworksBuildPhase section */

/* Begin PBXGroup section */
		1A0000010000000000000601 = {
			isa = PBXGroup;
			children = (
				1A0000010000000000000602 /* Where2Go */,
				1A0000010000000000000609 /* Where2GoTests */,
				1A0000010000000000000610 /* Products */,
			);
			sourceTree = "<group>";
		};
		1A0000010000000000000602 /* Where2Go */ = {
			isa = PBXGroup;
			children = (
				1A0000010000000000000101 /* Where2GoApp.swift */,
				1A0000010000000000000102 /* RootTabView.swift */,
				1A0000010000000000000603 /* Models */,
				1A0000010000000000000604 /* Views */,
				1A0000010000000000000605 /* ViewModels */,
				1A0000010000000000000606 /* Services */,
				1A0000010000000000000607 /* DesignSystem */,
				1A0000010000000000000608 /* Resources */,
			);
			path = Where2Go;
			sourceTree = "<group>";
		};
		1A0000010000000000000603 /* Models */ = {
			isa = PBXGroup;
			children = (
				1A0000010000000000000103 /* TripItem.swift */,
				1A0000010000000000000104 /* TripCategory.swift */,
				1A0000010000000000000105 /* ReminderOption.swift */,
			);
			path = Models;
			sourceTree = "<group>";
		};
		1A0000010000000000000604 /* Views */ = {
			isa = PBXGroup;
			children = (
				1A0000010000000000000611 /* Components */,
				1A0000010000000000000612 /* NextTrip */,
				1A0000010000000000000613 /* Calendar */,
				1A0000010000000000000614 /* Timeline */,
				1A0000010000000000000615 /* Settings */,
				1A0000010000000000000616 /* TripForm */,
			);
			path = Views;
			sourceTree = "<group>";
		};
		1A0000010000000000000605 /* ViewModels */ = {
			isa = PBXGroup;
			children = (
			);
			path = ViewModels;
			sourceTree = "<group>";
		};
		1A0000010000000000000606 /* Services */ = {
			isa = PBXGroup;
			children = (
				1A0000010000000000000107 /* TripQueryService.swift */,
				1A0000010000000000000108 /* NotificationService.swift */,
				1A0000010000000000000119 /* TripExportService.swift */,
			);
			path = Services;
			sourceTree = "<group>";
		};
		1A0000010000000000000607 /* DesignSystem */ = {
			isa = PBXGroup;
			children = (
				1A0000010000000000000106 /* DesignTokens.swift */,
			);
			path = DesignSystem;
			sourceTree = "<group>";
		};
		1A0000010000000000000608 /* Resources */ = {
			isa = PBXGroup;
			children = (
				1A0000010000000000000116 /* Assets.xcassets */,
			);
			path = Resources;
			sourceTree = "<group>";
		};
		1A0000010000000000000609 /* Where2GoTests */ = {
			isa = PBXGroup;
			children = (
				1A0000010000000000000117 /* TripQueryServiceTests.swift */,
			);
			path = Where2GoTests;
			sourceTree = "<group>";
		};
		1A0000010000000000000610 /* Products */ = {
			isa = PBXGroup;
			children = (
				1A0000010000000000000401 /* Where2Go.app */,
				1A0000010000000000000402 /* Where2GoTests.xctest */,
			);
			name = Products;
			sourceTree = "<group>";
		};
		1A0000010000000000000611 /* Components */ = {
			isa = PBXGroup;
			children = (
				1A0000010000000000000109 /* TripRowView.swift */,
				1A0000010000000000000110 /* EmptyStateView.swift */,
			);
			path = Components;
			sourceTree = "<group>";
		};
		1A0000010000000000000612 /* NextTrip */ = {
			isa = PBXGroup;
			children = (
				1A0000010000000000000111 /* NextTripView.swift */,
			);
			path = NextTrip;
			sourceTree = "<group>";
		};
		1A0000010000000000000613 /* Calendar */ = {
			isa = PBXGroup;
			children = (
				1A0000010000000000000112 /* MonthCalendarView.swift */,
			);
			path = Calendar;
			sourceTree = "<group>";
		};
		1A0000010000000000000614 /* Timeline */ = {
			isa = PBXGroup;
			children = (
				1A0000010000000000000113 /* TimelineView.swift */,
			);
			path = Timeline;
			sourceTree = "<group>";
		};
		1A0000010000000000000615 /* Settings */ = {
			isa = PBXGroup;
			children = (
				1A0000010000000000000114 /* SettingsView.swift */,
			);
			path = Settings;
			sourceTree = "<group>";
		};
		1A0000010000000000000616 /* TripForm */ = {
			isa = PBXGroup;
			children = (
				1A0000010000000000000115 /* TripFormView.swift */,
				1A0000010000000000000118 /* TripDetailView.swift */,
			);
			path = TripForm;
			sourceTree = "<group>";
		};
/* End PBXGroup section */

/* Begin PBXNativeTarget section */
		1A0000010000000000000302 /* Where2Go */ = {
			isa = PBXNativeTarget;
			buildConfigurationList = 1A0000010000000000000701 /* Build configuration list for PBXNativeTarget "Where2Go" */;
			buildPhases = (
				1A0000010000000000000801 /* Sources */,
				1A0000010000000000000501 /* Frameworks */,
				1A0000010000000000000802 /* Resources */,
			);
			buildRules = (
			);
			dependencies = (
			);
			name = Where2Go;
			productName = Where2Go;
			productReference = 1A0000010000000000000401 /* Where2Go.app */;
			productType = "com.apple.product-type.application";
		};
		1A0000010000000000000303 /* Where2GoTests */ = {
			isa = PBXNativeTarget;
			buildConfigurationList = 1A0000010000000000000702 /* Build configuration list for PBXNativeTarget "Where2GoTests" */;
			buildPhases = (
				1A0000010000000000000803 /* Sources */,
				1A0000010000000000000502 /* Frameworks */,
				1A0000010000000000000804 /* Resources */,
			);
			buildRules = (
			);
			dependencies = (
				1A0000010000000000000901 /* PBXTargetDependency */,
			);
			name = Where2GoTests;
			productName = Where2GoTests;
			productReference = 1A0000010000000000000402 /* Where2GoTests.xctest */;
			productType = "com.apple.product-type.bundle.unit-test";
		};
/* End PBXNativeTarget section */

/* Begin PBXProject section */
		1A0000010000000000000301 /* Project object */ = {
			isa = PBXProject;
			attributes = {
				BuildIndependentTargetsInParallel = 1;
				LastSwiftUpdateCheck = 1600;
				LastUpgradeCheck = 1600;
				TargetAttributes = {
					1A0000010000000000000302 = {
						CreatedOnToolsVersion = 16.0;
					};
					1A0000010000000000000303 = {
						CreatedOnToolsVersion = 16.0;
						TestTargetID = 1A0000010000000000000302;
					};
				};
			};
			buildConfigurationList = 1A0000010000000000000703 /* Build configuration list for PBXProject "Where2Go" */;
			compatibilityVersion = "Xcode 14.0";
			developmentRegion = "zh-Hans";
			hasScannedForEncodings = 0;
			knownRegions = (
				"zh-Hans",
				en,
				Base,
			);
			mainGroup = 1A0000010000000000000601;
			productRefGroup = 1A0000010000000000000610 /* Products */;
			projectDirPath = "";
			projectRoot = "";
			targets = (
				1A0000010000000000000302 /* Where2Go */,
				1A0000010000000000000303 /* Where2GoTests */,
			);
		};
/* End PBXProject section */

/* Begin PBXResourcesBuildPhase section */
		1A0000010000000000000802 /* Resources */ = {
			isa = PBXResourcesBuildPhase;
			buildActionMask = 2147483647;
			files = (
				1A0000010000000000000016 /* Assets.xcassets in Resources */,
			);
			runOnlyForDeploymentPostprocessing = 0;
		};
		1A0000010000000000000804 /* Resources */ = {
			isa = PBXResourcesBuildPhase;
			buildActionMask = 2147483647;
			files = (
			);
			runOnlyForDeploymentPostprocessing = 0;
		};
/* End PBXResourcesBuildPhase section */

/* Begin PBXSourcesBuildPhase section */
		1A0000010000000000000801 /* Sources */ = {
			isa = PBXSourcesBuildPhase;
			buildActionMask = 2147483647;
			files = (
				1A0000010000000000000001 /* Where2GoApp.swift in Sources */,
				1A0000010000000000000002 /* RootTabView.swift in Sources */,
				1A0000010000000000000003 /* TripItem.swift in Sources */,
				1A0000010000000000000004 /* TripCategory.swift in Sources */,
				1A0000010000000000000005 /* ReminderOption.swift in Sources */,
				1A0000010000000000000006 /* DesignTokens.swift in Sources */,
				1A0000010000000000000007 /* TripQueryService.swift in Sources */,
				1A0000010000000000000008 /* NotificationService.swift in Sources */,
				1A0000010000000000000009 /* TripRowView.swift in Sources */,
				1A0000010000000000000010 /* EmptyStateView.swift in Sources */,
				1A0000010000000000000011 /* NextTripView.swift in Sources */,
				1A0000010000000000000012 /* MonthCalendarView.swift in Sources */,
				1A0000010000000000000013 /* TimelineView.swift in Sources */,
				1A0000010000000000000014 /* SettingsView.swift in Sources */,
				1A0000010000000000000015 /* TripFormView.swift in Sources */,
				1A0000010000000000000018 /* TripDetailView.swift in Sources */,
				1A0000010000000000000019 /* TripExportService.swift in Sources */,
			);
			runOnlyForDeploymentPostprocessing = 0;
		};
		1A0000010000000000000803 /* Sources */ = {
			isa = PBXSourcesBuildPhase;
			buildActionMask = 2147483647;
			files = (
				1A0000010000000000000017 /* TripQueryServiceTests.swift in Sources */,
			);
			runOnlyForDeploymentPostprocessing = 0;
		};
/* End PBXSourcesBuildPhase section */

/* Begin PBXTargetDependency section */
		1A0000010000000000000901 /* PBXTargetDependency */ = {
			isa = PBXTargetDependency;
			target = 1A0000010000000000000302 /* Where2Go */;
			targetProxy = 1A0000010000000000000201 /* PBXContainerItemProxy */;
		};
/* End PBXTargetDependency section */

/* Begin XCBuildConfiguration section */
		1A0000010000000000001001 /* Debug */ = {
			isa = XCBuildConfiguration;
			buildSettings = {
				ALWAYS_SEARCH_USER_PATHS = NO;
				CLANG_ANALYZER_NONNULL = YES;
				CLANG_ANALYZER_NUMBER_OBJECT_CONVERSION = YES_AGGRESSIVE;
				CLANG_CXX_LANGUAGE_STANDARD = "gnu++20";
				CLANG_ENABLE_MODULES = YES;
				CLANG_ENABLE_OBJC_ARC = YES;
				CLANG_ENABLE_OBJC_WEAK = YES;
				CLANG_WARN_BLOCK_CAPTURE_AUTORELEASING = YES;
				CLANG_WARN_BOOL_CONVERSION = YES;
				CLANG_WARN_COMMA = YES;
				CLANG_WARN_CONSTANT_CONVERSION = YES;
				CLANG_WARN_DEPRECATED_OBJC_IMPLEMENTATIONS = YES;
				CLANG_WARN_DIRECT_OBJC_ISA_USAGE = YES_ERROR;
				CLANG_WARN_DOCUMENTATION_COMMENTS = YES;
				CLANG_WARN_EMPTY_BODY = YES;
				CLANG_WARN_ENUM_CONVERSION = YES;
				CLANG_WARN_INFINITE_RECURSION = YES;
				CLANG_WARN_INT_CONVERSION = YES;
				CLANG_WARN_NON_LITERAL_NULL_CONVERSION = YES;
				CLANG_WARN_OBJC_IMPLICIT_RETAIN_SELF = YES;
				CLANG_WARN_OBJC_LITERAL_CONVERSION = YES;
				CLANG_WARN_OBJC_ROOT_CLASS = YES_ERROR;
				CLANG_WARN_QUOTED_INCLUDE_IN_FRAMEWORK_HEADER = YES;
				CLANG_WARN_RANGE_LOOP_ANALYSIS = YES;
				CLANG_WARN_STRICT_PROTOTYPES = YES;
				CLANG_WARN_SUSPICIOUS_MOVE = YES;
				CLANG_WARN_UNGUARDED_AVAILABILITY = YES_AGGRESSIVE;
				CLANG_WARN_UNREACHABLE_CODE = YES;
				CLANG_WARN__DUPLICATE_METHOD_MATCH = YES;
				COPY_PHASE_STRIP = NO;
				DEBUG_INFORMATION_FORMAT = dwarf;
				ENABLE_STRICT_OBJC_MSGSEND = YES;
				ENABLE_TESTABILITY = YES;
				ENABLE_USER_SCRIPT_SANDBOXING = YES;
				GCC_C_LANGUAGE_STANDARD = gnu17;
				GCC_DYNAMIC_NO_PIC = NO;
				GCC_NO_COMMON_BLOCKS = YES;
				GCC_OPTIMIZATION_LEVEL = 0;
				GCC_PREPROCESSOR_DEFINITIONS = (
					"DEBUG=1",
					"$(inherited)",
				);
				GCC_WARN_64_TO_32_BIT_CONVERSION = YES;
				GCC_WARN_ABOUT_RETURN_TYPE = YES_ERROR;
				GCC_WARN_UNDECLARED_SELECTOR = YES;
				GCC_WARN_UNINITIALIZED_AUTOS = YES_AGGRESSIVE;
				GCC_WARN_UNUSED_FUNCTION = YES;
				GCC_WARN_UNUSED_VARIABLE = YES;
				IPHONEOS_DEPLOYMENT_TARGET = 17.0;
				MTL_ENABLE_DEBUG_INFO = INCLUDE_SOURCE;
				MTL_FAST_MATH = YES;
				ONLY_ACTIVE_ARCH = YES;
				SDKROOT = iphoneos;
				SUPPORTED_PLATFORMS = "iphoneos iphonesimulator";
				SWIFT_ACTIVE_COMPILATION_CONDITIONS = DEBUG;
				SWIFT_OPTIMIZATION_LEVEL = "-Onone";
			};
			name = Debug;
		};
		1A0000010000000000001002 /* Release */ = {
			isa = XCBuildConfiguration;
			buildSettings = {
				ALWAYS_SEARCH_USER_PATHS = NO;
				CLANG_ANALYZER_NONNULL = YES;
				CLANG_ANALYZER_NUMBER_OBJECT_CONVERSION = YES_AGGRESSIVE;
				CLANG_CXX_LANGUAGE_STANDARD = "gnu++20";
				CLANG_ENABLE_MODULES = YES;
				CLANG_ENABLE_OBJC_ARC = YES;
				CLANG_ENABLE_OBJC_WEAK = YES;
				CLANG_WARN_BLOCK_CAPTURE_AUTORELEASING = YES;
				CLANG_WARN_BOOL_CONVERSION = YES;
				CLANG_WARN_COMMA = YES;
				CLANG_WARN_CONSTANT_CONVERSION = YES;
				CLANG_WARN_DEPRECATED_OBJC_IMPLEMENTATIONS = YES;
				CLANG_WARN_DIRECT_OBJC_ISA_USAGE = YES_ERROR;
				CLANG_WARN_DOCUMENTATION_COMMENTS = YES;
				CLANG_WARN_EMPTY_BODY = YES;
				CLANG_WARN_ENUM_CONVERSION = YES;
				CLANG_WARN_INFINITE_RECURSION = YES;
				CLANG_WARN_INT_CONVERSION = YES;
				CLANG_WARN_NON_LITERAL_NULL_CONVERSION = YES;
				CLANG_WARN_OBJC_IMPLICIT_RETAIN_SELF = YES;
				CLANG_WARN_OBJC_LITERAL_CONVERSION = YES;
				CLANG_WARN_OBJC_ROOT_CLASS = YES_ERROR;
				CLANG_WARN_QUOTED_INCLUDE_IN_FRAMEWORK_HEADER = YES;
				CLANG_WARN_RANGE_LOOP_ANALYSIS = YES;
				CLANG_WARN_STRICT_PROTOTYPES = YES;
				CLANG_WARN_SUSPICIOUS_MOVE = YES;
				CLANG_WARN_UNGUARDED_AVAILABILITY = YES_AGGRESSIVE;
				CLANG_WARN_UNREACHABLE_CODE = YES;
				CLANG_WARN__DUPLICATE_METHOD_MATCH = YES;
				COPY_PHASE_STRIP = NO;
				DEBUG_INFORMATION_FORMAT = "dwarf-with-dsym";
				ENABLE_NS_ASSERTIONS = NO;
				ENABLE_STRICT_OBJC_MSGSEND = YES;
				ENABLE_USER_SCRIPT_SANDBOXING = YES;
				GCC_C_LANGUAGE_STANDARD = gnu17;
				GCC_NO_COMMON_BLOCKS = YES;
				GCC_WARN_64_TO_32_BIT_CONVERSION = YES;
				GCC_WARN_ABOUT_RETURN_TYPE = YES_ERROR;
				GCC_WARN_UNDECLARED_SELECTOR = YES;
				GCC_WARN_UNINITIALIZED_AUTOS = YES_AGGRESSIVE;
				GCC_WARN_UNUSED_FUNCTION = YES;
				GCC_WARN_UNUSED_VARIABLE = YES;
				IPHONEOS_DEPLOYMENT_TARGET = 17.0;
				MTL_ENABLE_DEBUG_INFO = NO;
				MTL_FAST_MATH = YES;
				SDKROOT = iphoneos;
				SUPPORTED_PLATFORMS = "iphoneos iphonesimulator";
				SWIFT_COMPILATION_MODE = wholemodule;
				SWIFT_OPTIMIZATION_LEVEL = "-O";
				VALIDATE_PRODUCT = YES;
			};
			name = Release;
		};
		1A0000010000000000001003 /* Debug */ = {
			isa = XCBuildConfiguration;
			buildSettings = {
				ASSETCATALOG_COMPILER_APPICON_NAME = AppIcon;
				CODE_SIGN_STYLE = Automatic;
				CURRENT_PROJECT_VERSION = 3;
				DEVELOPMENT_ASSET_PATHS = "";
				DEVELOPMENT_TEAM = FKLB6TCJN9;
				GENERATE_INFOPLIST_FILE = YES;
				INFOPLIST_KEY_CFBundleDisplayName = Where2Go;
				INFOPLIST_KEY_LSApplicationCategoryType = "public.app-category.productivity";
				INFOPLIST_KEY_UIApplicationSceneManifest_Generation = YES;
				INFOPLIST_KEY_UIApplicationSupportsIndirectInputEvents = YES;
				INFOPLIST_KEY_UILaunchScreen_Generation = YES;
				INFOPLIST_KEY_UISupportedInterfaceOrientations_iPad = "UIInterfaceOrientationPortrait UIInterfaceOrientationLandscapeLeft UIInterfaceOrientationLandscapeRight";
				INFOPLIST_KEY_UISupportedInterfaceOrientations_iPhone = UIInterfaceOrientationPortrait;
				IPHONEOS_DEPLOYMENT_TARGET = 17.0;
				MARKETING_VERSION = 0.1;
				PRODUCT_BUNDLE_IDENTIFIER = com.jevyyan.where2go.app;
				PRODUCT_NAME = "$(TARGET_NAME)";
				SUPPORTED_PLATFORMS = "iphoneos iphonesimulator";
				SWIFT_EMIT_LOC_STRINGS = YES;
				SWIFT_VERSION = 5.0;
				TARGETED_DEVICE_FAMILY = "1,2";
			};
			name = Debug;
		};
		1A0000010000000000001004 /* Release */ = {
			isa = XCBuildConfiguration;
			buildSettings = {
				ASSETCATALOG_COMPILER_APPICON_NAME = AppIcon;
				CODE_SIGN_STYLE = Automatic;
				CURRENT_PROJECT_VERSION = 3;
				DEVELOPMENT_TEAM = FKLB6TCJN9;
				GENERATE_INFOPLIST_FILE = YES;
				INFOPLIST_KEY_CFBundleDisplayName = Where2Go;
				INFOPLIST_KEY_LSApplicationCategoryType = "public.app-category.productivity";
				INFOPLIST_KEY_UIApplicationSceneManifest_Generation = YES;
				INFOPLIST_KEY_UIApplicationSupportsIndirectInputEvents = YES;
				INFOPLIST_KEY_UILaunchScreen_Generation = YES;
				INFOPLIST_KEY_UISupportedInterfaceOrientations_iPad = "UIInterfaceOrientationPortrait UIInterfaceOrientationLandscapeLeft UIInterfaceOrientationLandscapeRight";
				INFOPLIST_KEY_UISupportedInterfaceOrientations_iPhone = UIInterfaceOrientationPortrait;
				IPHONEOS_DEPLOYMENT_TARGET = 17.0;
				MARKETING_VERSION = 0.1;
				PRODUCT_BUNDLE_IDENTIFIER = com.jevyyan.where2go.app;
				PRODUCT_NAME = "$(TARGET_NAME)";
				SUPPORTED_PLATFORMS = "iphoneos iphonesimulator";
				SWIFT_EMIT_LOC_STRINGS = YES;
				SWIFT_VERSION = 5.0;
				TARGETED_DEVICE_FAMILY = "1,2";
			};
			name = Release;
		};
		1A0000010000000000001005 /* Debug */ = {
			isa = XCBuildConfiguration;
			buildSettings = {
				BUNDLE_LOADER = "$(TEST_HOST)";
				CODE_SIGN_STYLE = Automatic;
				CURRENT_PROJECT_VERSION = 3;
				GENERATE_INFOPLIST_FILE = YES;
				IPHONEOS_DEPLOYMENT_TARGET = 17.0;
				MARKETING_VERSION = 0.1;
				PRODUCT_BUNDLE_IDENTIFIER = com.jevyyan.where2go.app.tests;
				PRODUCT_NAME = "$(TARGET_NAME)";
				SUPPORTED_PLATFORMS = "iphoneos iphonesimulator";
				SWIFT_VERSION = 5.0;
				TARGETED_DEVICE_FAMILY = "1,2";
				TEST_HOST = "$(BUILT_PRODUCTS_DIR)/Where2Go.app/$(BUNDLE_EXECUTABLE_FOLDER_PATH)/Where2Go";
			};
			name = Debug;
		};
		1A0000010000000000001006 /* Release */ = {
			isa = XCBuildConfiguration;
			buildSettings = {
				BUNDLE_LOADER = "$(TEST_HOST)";
				CODE_SIGN_STYLE = Automatic;
				CURRENT_PROJECT_VERSION = 3;
				GENERATE_INFOPLIST_FILE = YES;
				IPHONEOS_DEPLOYMENT_TARGET = 17.0;
				MARKETING_VERSION = 0.1;
				PRODUCT_BUNDLE_IDENTIFIER = com.jevyyan.where2go.app.tests;
				PRODUCT_NAME = "$(TARGET_NAME)";
				SUPPORTED_PLATFORMS = "iphoneos iphonesimulator";
				SWIFT_VERSION = 5.0;
				TARGETED_DEVICE_FAMILY = "1,2";
				TEST_HOST = "$(BUILT_PRODUCTS_DIR)/Where2Go.app/$(BUNDLE_EXECUTABLE_FOLDER_PATH)/Where2Go";
			};
			name = Release;
		};
/* End XCBuildConfiguration section */

/* Begin XCConfigurationList section */
		1A0000010000000000000701 /* Build configuration list for PBXNativeTarget "Where2Go" */ = {
			isa = XCConfigurationList;
			buildConfigurations = (
				1A0000010000000000001003 /* Debug */,
				1A0000010000000000001004 /* Release */,
			);
			defaultConfigurationIsVisible = 0;
			defaultConfigurationName = Release;
		};
		1A0000010000000000000702 /* Build configuration list for PBXNativeTarget "Where2GoTests" */ = {
			isa = XCConfigurationList;
			buildConfigurations = (
				1A0000010000000000001005 /* Debug */,
				1A0000010000000000001006 /* Release */,
			);
			defaultConfigurationIsVisible = 0;
			defaultConfigurationName = Release;
		};
		1A0000010000000000000703 /* Build configuration list for PBXProject "Where2Go" */ = {
			isa = XCConfigurationList;
			buildConfigurations = (
				1A0000010000000000001001 /* Debug */,
				1A0000010000000000001002 /* Release */,
			);
			defaultConfigurationIsVisible = 0;
			defaultConfigurationName = Release;
		};
/* End XCConfigurationList section */
	};
	rootObject = 1A0000010000000000000301 /* Project object */;
}
